
Microsoft Visual Studio Solution File, Format Version 12.00
# Visual Studio Version 17
VisualStudioVersion = 17.4.33213.308
MinimumVisualStudioVersion = 10.0.40219.1
Project("{9A19103F-16F7-4668-BE54-9A1E7A4F7556}") = "MedicineManagementSystem", "MedicineManagementSystem\MedicineManagementSystem.csproj", "{20858DB4-D710-47DB-AA74-5F6839066DE6}"
EndProject
Global
	GlobalSection(SolutionConfigurationPlatforms) = preSolution
		Debug|Any CPU = Debug|Any CPU
		Release|Any CPU = Release|Any CPU
	EndGlobalSection
	GlobalSection(ProjectConfigurationPlatforms) = postSolution
		{20858DB4-D710-47DB-AA74-5F6839066DE6}.Debug|Any CPU.ActiveCfg = Debug|Any CPU
		{20858DB4-D710-47DB-AA74-5F6839066DE6}.Debug|Any CPU.Build.0 = Debug|Any CPU
		{20858DB4-D710-47DB-AA74-5F6839066DE6}.Release|Any CPU.ActiveCfg = Release|Any CPU
		{20858DB4-D710-47DB-AA74-5F6839066DE6}.Release|Any CPU.Build.0 = Release|Any CPU
	EndGlobalSection
	GlobalSection(SolutionProperties) = preSolution
		HideSolutionNode = FALSE
	EndGlobalSection
	GlobalSection(ExtensibilityGlobals) = postSolution
		SolutionGuid = {7577E706-5496-421C-B89A-8198E5328DB7}
	EndGlobalSection
EndGlobal
